
Microsoft Visual Studio Solution File, Format Version 12.00
# Visual Studio Version 17
VisualStudioVersion = 17.11.35222.181
MinimumVisualStudioVersion = 10.0.40219.1
Project("{FAE04EC0-301F-11D3-BF4B-00C04F79EFBC}") = "Dag 2 - Øvelse 1", "Dag 2\Dag 2 - Øvelse 1.csproj", "{1C1C6992-E427-4977-B6DF-2FC2D19099A5}"
EndProject
Project("{FAE04EC0-301F-11D3-BF4B-00C04F79EFBC}") = "Dag 1 - Øvelse 1", "Dag 1 - Øvelse 1\Dag 1 - Øvelse 1.csproj", "{45AEE8F8-4665-423C-A26A-FBAFD217FD13}"
EndProject
Project("{FAE04EC0-301F-11D3-BF4B-00C04F79EFBC}") = "Dag 1 - Øvelse 2", "Dag 1 - Øvelse 2\Dag 1 - Øvelse 2.csproj", "{EB073ED5-D246-4BA3-B546-318F2227BE51}"
EndProject
Project("{FAE04EC0-301F-11D3-BF4B-00C04F79EFBC}") = "Dag 1 - Øvelse 3", "Dag 1 - Øvelse 3\Dag 1 - Øvelse 3.csproj", "{6C6FDBC2-4189-4BCD-94D3-44B61B11306B}"
EndProject
Project("{FAE04EC0-301F-11D3-BF4B-00C04F79EFBC}") = "Dag 1 - Øvelse 4", "Dag 1 - Øvelse 4\Dag 1 - Øvelse 4.csproj", "{6CDA3263-E340-4366-B097-94AA336966C0}"
EndProject
Project("{2150E333-8FDC-42A3-9474-1A3956D46DE8}") = "Dag 1 - Basisprogrammering", "Dag 1 - Basisprogrammering", "{9DC34142-8838-4112-9A42-FA42FBA67235}"
EndProject
Project("{FAE04EC0-301F-11D3-BF4B-00C04F79EFBC}") = "Dag 1 - Øvelse 5", "Øvelse 5\Dag 1 - Øvelse 5.csproj", "{9469414F-22EE-4A3B-9E83-B4A69E3223BD}"
EndProject
Project("{FAE04EC0-301F-11D3-BF4B-00C04F79EFBC}") = "Dag 1 - Øvelse 6", "Øvelse 6\Dag 1 - Øvelse 6.csproj", "{12ADE991-5236-4309-B973-CC373FA30F6E}"
EndProject
Project("{2150E333-8FDC-42A3-9474-1A3956D46DE8}") = "Dag 2 - FlowControl", "Dag 2 - FlowControl", "{F544B102-65BD-4C4D-9014-3F63E5E0BCF7}"
EndProject
Project("{FAE04EC0-301F-11D3-BF4B-00C04F79EFBC}") = "Dag 1 - Øvelse 7", "Øvelse 7\Dag 1 - Øvelse 7.csproj", "{E15C88D8-4DB7-4D0D-84BB-D8AF1ED3A251}"
EndProject
Project("{FAE04EC0-301F-11D3-BF4B-00C04F79EFBC}") = "Dag 1 - Øvelse 8", "Øvelse 8\Dag 1 - Øvelse 8.csproj", "{F8A3AD4D-1004-4950-A48E-C09454FC61CB}"
EndProject
Project("{FAE04EC0-301F-11D3-BF4B-00C04F79EFBC}") = "Dag 1 - Øvelse 10", "Øvelse 10\Dag 1 - Øvelse 10.csproj", "{9343EE6C-2D1D-4D96-8C98-5C37E6F3114E}"
EndProject
Project("{FAE04EC0-301F-11D3-BF4B-00C04F79EFBC}") = "Dag 1 - Øvelse 11", "Dag 1 - Øvelse 11\Dag 1 - Øvelse 11.csproj", "{475BC5E2-7938-4F00-B446-C824F1FAF930}"
EndProject
Project("{FAE04EC0-301F-11D3-BF4B-00C04F79EFBC}") = "Dag 2 - Øvelse 2", "Dag 2 - Øvelse 2\Dag 2 - Øvelse 2.csproj", "{04D495E0-AFFC-425D-9250-CF5E0FCBF201}"
EndProject
Project("{FAE04EC0-301F-11D3-BF4B-00C04F79EFBC}") = "Dag 2 - Øvelse 4", "Dag 2 - Øvelse 4\Dag 2 - Øvelse 4.csproj", "{745724E3-779D-4CF2-A499-1293732D327B}"
EndProject
Project("{FAE04EC0-301F-11D3-BF4B-00C04F79EFBC}") = "Dag 2 - Øvelse 5", "Dag 2 - Øvelse 5\Dag 2 - Øvelse 5.csproj", "{8702C8FD-14D6-4045-95AD-B43B6B5E1E0D}"
EndProject
Project("{FAE04EC0-301F-11D3-BF4B-00C04F79EFBC}") = "Dag 2 - Øvelse 6", "Dag 2 - Øvelse 6\Dag 2 - Øvelse 6.csproj", "{BB8C3399-DE49-4CA3-ABEB-C61CA5A9C7F4}"
EndProject
Project("{FAE04EC0-301F-11D3-BF4B-00C04F79EFBC}") = "Dag 2 - Øvelse 7", "Dag 2 - Øvelse 7\Dag 2 - Øvelse 7.csproj", "{20D30633-40A5-42C0-99C6-81A160B3531B}"
EndProject
Project("{FAE04EC0-301F-11D3-BF4B-00C04F79EFBC}") = "Dag 2 - Øvelse 8", "Dag 2 - Øvelse 8\Dag 2 - Øvelse 8.csproj", "{D9697233-EA09-4859-A6B1-3E0921773A69}"
EndProject
Project("{FAE04EC0-301F-11D3-BF4B-00C04F79EFBC}") = "Dag 1 - Obligatorisk Opgave", "Dag 1 - Obligatorisk Opgave\Dag 1 - Obligatorisk Opgave.csproj", "{A1FEB3DC-E82E-4B0C-ABFB-E8CBA4D4783F}"
EndProject
Project("{FAE04EC0-301F-11D3-BF4B-00C04F79EFBC}") = "Dag 2 - Øvelse 9", "Dag 2 - Øvelse 9\Dag 2 - Øvelse 9.csproj", "{A168FC90-33C9-4545-84DD-72E149720B79}"
EndProject
Project("{FAE04EC0-301F-11D3-BF4B-00C04F79EFBC}") = "Dag 2 - Øvelse 10", "Dag 2 - Øvelse 10\Dag 2 - Øvelse 10.csproj", "{50923B2E-1444-4840-891C-52F14D2324DF}"
EndProject
Project("{2150E333-8FDC-42A3-9474-1A3956D46DE8}") = "Dag 3 - Functions", "Dag 3 - Functions", "{90669283-E86C-428C-8110-AB9824E6A8AD}"
EndProject
Project("{FAE04EC0-301F-11D3-BF4B-00C04F79EFBC}") = "Dag 3 - Øvelse 1 - Del 1-3", "Dag 3 - Øvelse 1\Dag 3 - Øvelse 1 - Del 1-3.csproj", "{4D3588A7-9CEC-4861-B4CA-E7A25824590C}"
EndProject
Project("{2150E333-8FDC-42A3-9474-1A3956D46DE8}") = "Dag 3 - Øvelse 1 Enums", "Dag 3 - Øvelse 1 Enums", "{F5B712FC-1E8E-4A7A-A14E-D4199C198CB2}"
EndProject
Project("{FAE04EC0-301F-11D3-BF4B-00C04F79EFBC}") = "Dag 3 - Øvelse 1 - Del 4", "Dag 3 - Øvelse 1 - Del 4\Dag 3 - Øvelse 1 - Del 4.csproj", "{F83D98E4-323E-474A-9311-5800D7BD9BCD}"
EndProject
Project("{2150E333-8FDC-42A3-9474-1A3956D46DE8}") = "Dag 3 - Øvelse 2 Functions", "Dag 3 - Øvelse 2 Functions", "{24D9787D-256A-4211-AD5F-62963776840C}"
EndProject
Project("{FAE04EC0-301F-11D3-BF4B-00C04F79EFBC}") = "Dag 3 - Øvelse 2 - Del 1-3", "Dag 3 - Øvelse 2 del 1-3\Dag 3 - Øvelse 2 - Del 1-3.csproj", "{B5266ABC-8A1F-49A2-9CB9-FB5A73F37C76}"
EndProject
Project("{FAE04EC0-301F-11D3-BF4B-00C04F79EFBC}") = "Dag 3 - Øvelse 2 - Del 4", "Dag 3 - Øvelse 2 - Del 4-5\Dag 3 - Øvelse 2 - Del 4.csproj", "{D47E7039-A4F2-4BE0-A611-78BF27A5A729}"
EndProject
Project("{FAE04EC0-301F-11D3-BF4B-00C04F79EFBC}") = "Dag 3 - Øvelse 2 - Del 5", "Dag 3 - Øvelse 2 - Del 5\Dag 3 - Øvelse 2 - Del 5.csproj", "{AB6D46D1-E529-4599-92D7-0E1F010AE73C}"
EndProject
Project("{2150E333-8FDC-42A3-9474-1A3956D46DE8}") = "Dag 3 - Øvelse 3", "Dag 3 - Øvelse 3", "{08D706E1-60C4-4C59-8CAC-923163A8C767}"
EndProject
Project("{FAE04EC0-301F-11D3-BF4B-00C04F79EFBC}") = "Dag 3 - Øvelse 3 - Del 1", "Dag 3 - Øvelse 3 - Del 1\Dag 3 - Øvelse 3 - Del 1.csproj", "{EC952761-71B7-4E62-BF18-F1B28451C123}"
EndProject
Project("{FAE04EC0-301F-11D3-BF4B-00C04F79EFBC}") = "Dag 3 - Øvelse 3 - Del 2", "Dag 3 - Øvelse 3 - Del 2\Dag 3 - Øvelse 3 - Del 2.csproj", "{BE60AC4A-A118-4319-A26C-F5F3401A6DE6}"
EndProject
Project("{FAE04EC0-301F-11D3-BF4B-00C04F79EFBC}") = "Dag 3 - Øvelse 4", "Dag 3 - Øvelse 4\Dag 3 - Øvelse 4.csproj", "{34E8BDB5-46F1-45AD-BD97-D7350ED412D8}"
EndProject
Project("{FAE04EC0-301F-11D3-BF4B-00C04F79EFBC}") = "Dag 3 - Øvelse 5", "Dag 3 - Øvelse 5\Dag 3 - Øvelse 5.csproj", "{4A47DFEE-67EC-4E88-913B-C67DEE8A8A84}"
EndProject
Project("{FAE04EC0-301F-11D3-BF4B-00C04F79EFBC}") = "Dag 2 - Øvelse 11 - Del 1", "Dag 2 - Øvelse 11\Dag 2 - Øvelse 11 - Del 1.csproj", "{AE06F08E-75D4-4FC5-8331-4C6260ADB342}"
EndProject
Project("{2150E333-8FDC-42A3-9474-1A3956D46DE8}") = "Dag 2 - Øvelse 11", "Dag 2 - Øvelse 11", "{37383104-D23D-47A6-853E-74BB1D853197}"
EndProject
Project("{FAE04EC0-301F-11D3-BF4B-00C04F79EFBC}") = "Dag 2 - Øvelse 11 - Del 2", "Dag 2 - Øvelse 11 - Del 2\Dag 2 - Øvelse 11 - Del 2.csproj", "{E5DD9C02-6E48-4CEB-96FE-2DF362415E6C}"
EndProject
Project("{2150E333-8FDC-42A3-9474-1A3956D46DE8}") = "Dag 4 - Arrays & String manipulation", "Dag 4 - Arrays & String manipulation", "{60DB4252-C918-49DD-8C4E-D8F9AB31FB51}"
EndProject
Project("{FAE04EC0-301F-11D3-BF4B-00C04F79EFBC}") = "Dag 4 - Øvelse 1 - Del 1", "Dag 4 - Øvelse 1 - Del 1\Dag 4 - Øvelse 1 - Del 1.csproj", "{C49C4F1B-4C1C-45DD-AD69-44ED0A68DB5A}"
EndProject
Project("{2150E333-8FDC-42A3-9474-1A3956D46DE8}") = "Dag 4 - Øvelse 1", "Dag 4 - Øvelse 1", "{39F75A18-8C07-481A-93DB-EDB48AD6F901}"
EndProject
Project("{FAE04EC0-301F-11D3-BF4B-00C04F79EFBC}") = "Dag 4 - Øvelse 1 - Del 2", "Dag 4 - Øvelse 1 - Del 2\Dag 4 - Øvelse 1 - Del 2.csproj", "{50B301F9-0FD6-41A7-BCC0-CA8BA6197C38}"
EndProject
Project("{2150E333-8FDC-42A3-9474-1A3956D46DE8}") = "Dag 4 - Øvelse 2", "Dag 4 - Øvelse 2", "{B99F3F7E-F6A3-4B57-AA17-E0B0913E8E9A}"
EndProject
Project("{FAE04EC0-301F-11D3-BF4B-00C04F79EFBC}") = "Dag 4 - Øvelse 2 - Del 1", "Dag 4 - Øvelse 2 - Del 1\Dag 4 - Øvelse 2 - Del 1.csproj", "{5C51AADF-1241-4001-AADB-F104F53DC75F}"
EndProject
Project("{FAE04EC0-301F-11D3-BF4B-00C04F79EFBC}") = "Dag 4 - Øvelse 2 - Del 2", "Dag 4 - Øvelse 2 - Del 2\Dag 4 - Øvelse 2 - Del 2.csproj", "{84A051A1-9619-46DD-87BD-84EA55ADB6C8}"
EndProject
Project("{FAE04EC0-301F-11D3-BF4B-00C04F79EFBC}") = "Dag 4 - Øvelse 4", "Dag 4 - Øvelse 4\Dag 4 - Øvelse 4.csproj", "{09DAFE1E-1944-4B6B-9A36-46DF3465C4D7}"
EndProject
Project("{FAE04EC0-301F-11D3-BF4B-00C04F79EFBC}") = "Test menu system", "Test menu system\Test menu system.csproj", "{2A83EC6E-291C-4B28-9975-B1D20C5C07C7}"
EndProject
Global
	GlobalSection(SolutionConfigurationPlatforms) = preSolution
		Debug|Any CPU = Debug|Any CPU
		Release|Any CPU = Release|Any CPU
	EndGlobalSection
	GlobalSection(ProjectConfigurationPlatforms) = postSolution
		{1C1C6992-E427-4977-B6DF-2FC2D19099A5}.Debug|Any CPU.ActiveCfg = Debug|Any CPU
		{1C1C6992-E427-4977-B6DF-2FC2D19099A5}.Debug|Any CPU.Build.0 = Debug|Any CPU
		{1C1C6992-E427-4977-B6DF-2FC2D19099A5}.Release|Any CPU.ActiveCfg = Release|Any CPU
		{1C1C6992-E427-4977-B6DF-2FC2D19099A5}.Release|Any CPU.Build.0 = Release|Any CPU
		{45AEE8F8-4665-423C-A26A-FBAFD217FD13}.Debug|Any CPU.ActiveCfg = Debug|Any CPU
		{45AEE8F8-4665-423C-A26A-FBAFD217FD13}.Debug|Any CPU.Build.0 = Debug|Any CPU
		{45AEE8F8-4665-423C-A26A-FBAFD217FD13}.Release|Any CPU.ActiveCfg = Release|Any CPU
		{45AEE8F8-4665-423C-A26A-FBAFD217FD13}.Release|Any CPU.Build.0 = Release|Any CPU
		{EB073ED5-D246-4BA3-B546-318F2227BE51}.Debug|Any CPU.ActiveCfg = Debug|Any CPU
		{EB073ED5-D246-4BA3-B546-318F2227BE51}.Debug|Any CPU.Build.0 = Debug|Any CPU
		{EB073ED5-D246-4BA3-B546-318F2227BE51}.Release|Any CPU.ActiveCfg = Release|Any CPU
		{EB073ED5-D246-4BA3-B546-318F2227BE51}.Release|Any CPU.Build.0 = Release|Any CPU
		{6C6FDBC2-4189-4BCD-94D3-44B61B11306B}.Debug|Any CPU.ActiveCfg = Debug|Any CPU
		{6C6FDBC2-4189-4BCD-94D3-44B61B11306B}.Debug|Any CPU.Build.0 = Debug|Any CPU
		{6C6FDBC2-4189-4BCD-94D3-44B61B11306B}.Release|Any CPU.ActiveCfg = Release|Any CPU
		{6C6FDBC2-4189-4BCD-94D3-44B61B11306B}.Release|Any CPU.Build.0 = Release|Any CPU
		{6CDA3263-E340-4366-B097-94AA336966C0}.Debug|Any CPU.ActiveCfg = Debug|Any CPU
		{6CDA3263-E340-4366-B097-94AA336966C0}.Debug|Any CPU.Build.0 = Debug|Any CPU
		{6CDA3263-E340-4366-B097-94AA336966C0}.Release|Any CPU.ActiveCfg = Release|Any CPU
		{6CDA3263-E340-4366-B097-94AA336966C0}.Release|Any CPU.Build.0 = Release|Any CPU
		{9469414F-22EE-4A3B-9E83-B4A69E3223BD}.Debug|Any CPU.ActiveCfg = Debug|Any CPU
		{9469414F-22EE-4A3B-9E83-B4A69E3223BD}.Debug|Any CPU.Build.0 = Debug|Any CPU
		{9469414F-22EE-4A3B-9E83-B4A69E3223BD}.Release|Any CPU.ActiveCfg = Release|Any CPU
		{9469414F-22EE-4A3B-9E83-B4A69E3223BD}.Release|Any CPU.Build.0 = Release|Any CPU
		{12ADE991-5236-4309-B973-CC373FA30F6E}.Debug|Any CPU.ActiveCfg = Debug|Any CPU
		{12ADE991-5236-4309-B973-CC373FA30F6E}.Debug|Any CPU.Build.0 = Debug|Any CPU
		{12ADE991-5236-4309-B973-CC373FA30F6E}.Release|Any CPU.ActiveCfg = Release|Any CPU
		{12ADE991-5236-4309-B973-CC373FA30F6E}.Release|Any CPU.Build.0 = Release|Any CPU
		{E15C88D8-4DB7-4D0D-84BB-D8AF1ED3A251}.Debug|Any CPU.ActiveCfg = Debug|Any CPU
		{E15C88D8-4DB7-4D0D-84BB-D8AF1ED3A251}.Debug|Any CPU.Build.0 = Debug|Any CPU
		{E15C88D8-4DB7-4D0D-84BB-D8AF1ED3A251}.Release|Any CPU.ActiveCfg = Release|Any CPU
		{E15C88D8-4DB7-4D0D-84BB-D8AF1ED3A251}.Release|Any CPU.Build.0 = Release|Any CPU
		{F8A3AD4D-1004-4950-A48E-C09454FC61CB}.Debug|Any CPU.ActiveCfg = Debug|Any CPU
		{F8A3AD4D-1004-4950-A48E-C09454FC61CB}.Debug|Any CPU.Build.0 = Debug|Any CPU
		{F8A3AD4D-1004-4950-A48E-C09454FC61CB}.Release|Any CPU.ActiveCfg = Release|Any CPU
		{F8A3AD4D-1004-4950-A48E-C09454FC61CB}.Release|Any CPU.Build.0 = Release|Any CPU
		{9343EE6C-2D1D-4D96-8C98-5C37E6F3114E}.Debug|Any CPU.ActiveCfg = Debug|Any CPU
		{9343EE6C-2D1D-4D96-8C98-5C37E6F3114E}.Debug|Any CPU.Build.0 = Debug|Any CPU
		{9343EE6C-2D1D-4D96-8C98-5C37E6F3114E}.Release|Any CPU.ActiveCfg = Release|Any CPU
		{9343EE6C-2D1D-4D96-8C98-5C37E6F3114E}.Release|Any CPU.Build.0 = Release|Any CPU
		{475BC5E2-7938-4F00-B446-C824F1FAF930}.Debug|Any CPU.ActiveCfg = Debug|Any CPU
		{475BC5E2-7938-4F00-B446-C824F1FAF930}.Debug|Any CPU.Build.0 = Debug|Any CPU
		{475BC5E2-7938-4F00-B446-C824F1FAF930}.Release|Any CPU.ActiveCfg = Release|Any CPU
		{475BC5E2-7938-4F00-B446-C824F1FAF930}.Release|Any CPU.Build.0 = Release|Any CPU
		{04D495E0-AFFC-425D-9250-CF5E0FCBF201}.Debug|Any CPU.ActiveCfg = Debug|Any CPU
		{04D495E0-AFFC-425D-9250-CF5E0FCBF201}.Debug|Any CPU.Build.0 = Debug|Any CPU
		{04D495E0-AFFC-425D-9250-CF5E0FCBF201}.Release|Any CPU.ActiveCfg = Release|Any CPU
		{04D495E0-AFFC-425D-9250-CF5E0FCBF201}.Release|Any CPU.Build.0 = Release|Any CPU
		{745724E3-779D-4CF2-A499-1293732D327B}.Debug|Any CPU.ActiveCfg = Debug|Any CPU
		{745724E3-779D-4CF2-A499-1293732D327B}.Debug|Any CPU.Build.0 = Debug|Any CPU
		{745724E3-779D-4CF2-A499-1293732D327B}.Release|Any CPU.ActiveCfg = Release|Any CPU
		{745724E3-779D-4CF2-A499-1293732D327B}.Release|Any CPU.Build.0 = Release|Any CPU
		{8702C8FD-14D6-4045-95AD-B43B6B5E1E0D}.Debug|Any CPU.ActiveCfg = Debug|Any CPU
		{8702C8FD-14D6-4045-95AD-B43B6B5E1E0D}.Debug|Any CPU.Build.0 = Debug|Any CPU
		{8702C8FD-14D6-4045-95AD-B43B6B5E1E0D}.Release|Any CPU.ActiveCfg = Release|Any CPU
		{8702C8FD-14D6-4045-95AD-B43B6B5E1E0D}.Release|Any CPU.Build.0 = Release|Any CPU
		{BB8C3399-DE49-4CA3-ABEB-C61CA5A9C7F4}.Debug|Any CPU.ActiveCfg = Debug|Any CPU
		{BB8C3399-DE49-4CA3-ABEB-C61CA5A9C7F4}.Debug|Any CPU.Build.0 = Debug|Any CPU
		{BB8C3399-DE49-4CA3-ABEB-C61CA5A9C7F4}.Release|Any CPU.ActiveCfg = Release|Any CPU
		{BB8C3399-DE49-4CA3-ABEB-C61CA5A9C7F4}.Release|Any CPU.Build.0 = Release|Any CPU
		{20D30633-40A5-42C0-99C6-81A160B3531B}.Debug|Any CPU.ActiveCfg = Debug|Any CPU
		{20D30633-40A5-42C0-99C6-81A160B3531B}.Debug|Any CPU.Build.0 = Debug|Any CPU
		{20D30633-40A5-42C0-99C6-81A160B3531B}.Release|Any CPU.ActiveCfg = Release|Any CPU
		{20D30633-40A5-42C0-99C6-81A160B3531B}.Release|Any CPU.Build.0 = Release|Any CPU
		{D9697233-EA09-4859-A6B1-3E0921773A69}.Debug|Any CPU.ActiveCfg = Debug|Any CPU
		{D9697233-EA09-4859-A6B1-3E0921773A69}.Debug|Any CPU.Build.0 = Debug|Any CPU
		{D9697233-EA09-4859-A6B1-3E0921773A69}.Release|Any CPU.ActiveCfg = Release|Any CPU
		{D9697233-EA09-4859-A6B1-3E0921773A69}.Release|Any CPU.Build.0 = Release|Any CPU
		{A1FEB3DC-E82E-4B0C-ABFB-E8CBA4D4783F}.Debug|Any CPU.ActiveCfg = Debug|Any CPU
		{A1FEB3DC-E82E-4B0C-ABFB-E8CBA4D4783F}.Debug|Any CPU.Build.0 = Debug|Any CPU
		{A1FEB3DC-E82E-4B0C-ABFB-E8CBA4D4783F}.Release|Any CPU.ActiveCfg = Release|Any CPU
		{A1FEB3DC-E82E-4B0C-ABFB-E8CBA4D4783F}.Release|Any CPU.Build.0 = Release|Any CPU
		{A168FC90-33C9-4545-84DD-72E149720B79}.Debug|Any CPU.ActiveCfg = Debug|Any CPU
		{A168FC90-33C9-4545-84DD-72E149720B79}.Debug|Any CPU.Build.0 = Debug|Any CPU
		{A168FC90-33C9-4545-84DD-72E149720B79}.Release|Any CPU.ActiveCfg = Release|Any CPU
		{A168FC90-33C9-4545-84DD-72E149720B79}.Release|Any CPU.Build.0 = Release|Any CPU
		{50923B2E-1444-4840-891C-52F14D2324DF}.Debug|Any CPU.ActiveCfg = Debug|Any CPU
		{50923B2E-1444-4840-891C-52F14D2324DF}.Debug|Any CPU.Build.0 = Debug|Any CPU
		{50923B2E-1444-4840-891C-52F14D2324DF}.Release|Any CPU.ActiveCfg = Release|Any CPU
		{50923B2E-1444-4840-891C-52F14D2324DF}.Release|Any CPU.Build.0 = Release|Any CPU
		{4D3588A7-9CEC-4861-B4CA-E7A25824590C}.Debug|Any CPU.ActiveCfg = Debug|Any CPU
		{4D3588A7-9CEC-4861-B4CA-E7A25824590C}.Debug|Any CPU.Build.0 = Debug|Any CPU
		{4D3588A7-9CEC-4861-B4CA-E7A25824590C}.Release|Any CPU.ActiveCfg = Release|Any CPU
		{4D3588A7-9CEC-4861-B4CA-E7A25824590C}.Release|Any CPU.Build.0 = Release|Any CPU
		{F83D98E4-323E-474A-9311-5800D7BD9BCD}.Debug|Any CPU.ActiveCfg = Debug|Any CPU
		{F83D98E4-323E-474A-9311-5800D7BD9BCD}.Debug|Any CPU.Build.0 = Debug|Any CPU
		{F83D98E4-323E-474A-9311-5800D7BD9BCD}.Release|Any CPU.ActiveCfg = Release|Any CPU
		{F83D98E4-323E-474A-9311-5800D7BD9BCD}.Release|Any CPU.Build.0 = Release|Any CPU
		{B5266ABC-8A1F-49A2-9CB9-FB5A73F37C76}.Debug|Any CPU.ActiveCfg = Debug|Any CPU
		{B5266ABC-8A1F-49A2-9CB9-FB5A73F37C76}.Debug|Any CPU.Build.0 = Debug|Any CPU
		{B5266ABC-8A1F-49A2-9CB9-FB5A73F37C76}.Release|Any CPU.ActiveCfg = Release|Any CPU
		{B5266ABC-8A1F-49A2-9CB9-FB5A73F37C76}.Release|Any CPU.Build.0 = Release|Any CPU
		{D47E7039-A4F2-4BE0-A611-78BF27A5A729}.Debug|Any CPU.ActiveCfg = Debug|Any CPU
		{D47E7039-A4F2-4BE0-A611-78BF27A5A729}.Debug|Any CPU.Build.0 = Debug|Any CPU
		{D47E7039-A4F2-4BE0-A611-78BF27A5A729}.Release|Any CPU.ActiveCfg = Release|Any CPU
		{D47E7039-A4F2-4BE0-A611-78BF27A5A729}.Release|Any CPU.Build.0 = Release|Any CPU
		{AB6D46D1-E529-4599-92D7-0E1F010AE73C}.Debug|Any CPU.ActiveCfg = Debug|Any CPU
		{AB6D46D1-E529-4599-92D7-0E1F010AE73C}.Debug|Any CPU.Build.0 = Debug|Any CPU
		{AB6D46D1-E529-4599-92D7-0E1F010AE73C}.Release|Any CPU.ActiveCfg = Release|Any CPU
		{AB6D46D1-E529-4599-92D7-0E1F010AE73C}.Release|Any CPU.Build.0 = Release|Any CPU
		{EC952761-71B7-4E62-BF18-F1B28451C123}.Debug|Any CPU.ActiveCfg = Debug|Any CPU
		{EC952761-71B7-4E62-BF18-F1B28451C123}.Debug|Any CPU.Build.0 = Debug|Any CPU
		{EC952761-71B7-4E62-BF18-F1B28451C123}.Release|Any CPU.ActiveCfg = Release|Any CPU
		{EC952761-71B7-4E62-BF18-F1B28451C123}.Release|Any CPU.Build.0 = Release|Any CPU
		{BE60AC4A-A118-4319-A26C-F5F3401A6DE6}.Debug|Any CPU.ActiveCfg = Debug|Any CPU
		{BE60AC4A-A118-4319-A26C-F5F3401A6DE6}.Debug|Any CPU.Build.0 = Debug|Any CPU
		{BE60AC4A-A118-4319-A26C-F5F3401A6DE6}.Release|Any CPU.ActiveCfg = Release|Any CPU
		{BE60AC4A-A118-4319-A26C-F5F3401A6DE6}.Release|Any CPU.Build.0 = Release|Any CPU
		{34E8BDB5-46F1-45AD-BD97-D7350ED412D8}.Debug|Any CPU.ActiveCfg = Debug|Any CPU
		{34E8BDB5-46F1-45AD-BD97-D7350ED412D8}.Debug|Any CPU.Build.0 = Debug|Any CPU
		{34E8BDB5-46F1-45AD-BD97-D7350ED412D8}.Release|Any CPU.ActiveCfg = Release|Any CPU
		{34E8BDB5-46F1-45AD-BD97-D7350ED412D8}.Release|Any CPU.Build.0 = Release|Any CPU
		{4A47DFEE-67EC-4E88-913B-C67DEE8A8A84}.Debug|Any CPU.ActiveCfg = Debug|Any CPU
		{4A47DFEE-67EC-4E88-913B-C67DEE8A8A84}.Debug|Any CPU.Build.0 = Debug|Any CPU
		{4A47DFEE-67EC-4E88-913B-C67DEE8A8A84}.Release|Any CPU.ActiveCfg = Release|Any CPU
		{4A47DFEE-67EC-4E88-913B-C67DEE8A8A84}.Release|Any CPU.Build.0 = Release|Any CPU
		{AE06F08E-75D4-4FC5-8331-4C6260ADB342}.Debug|Any CPU.ActiveCfg = Debug|Any CPU
		{AE06F08E-75D4-4FC5-8331-4C6260ADB342}.Debug|Any CPU.Build.0 = Debug|Any CPU
		{AE06F08E-75D4-4FC5-8331-4C6260ADB342}.Release|Any CPU.ActiveCfg = Release|Any CPU
		{AE06F08E-75D4-4FC5-8331-4C6260ADB342}.Release|Any CPU.Build.0 = Release|Any CPU
		{E5DD9C02-6E48-4CEB-96FE-2DF362415E6C}.Debug|Any CPU.ActiveCfg = Debug|Any CPU
		{E5DD9C02-6E48-4CEB-96FE-2DF362415E6C}.Debug|Any CPU.Build.0 = Debug|Any CPU
		{E5DD9C02-6E48-4CEB-96FE-2DF362415E6C}.Release|Any CPU.ActiveCfg = Release|Any CPU
		{E5DD9C02-6E48-4CEB-96FE-2DF362415E6C}.Release|Any CPU.Build.0 = Release|Any CPU
		{C49C4F1B-4C1C-45DD-AD69-44ED0A68DB5A}.Debug|Any CPU.ActiveCfg = Debug|Any CPU
		{C49C4F1B-4C1C-45DD-AD69-44ED0A68DB5A}.Debug|Any CPU.Build.0 = Debug|Any CPU
		{C49C4F1B-4C1C-45DD-AD69-44ED0A68DB5A}.Release|Any CPU.ActiveCfg = Release|Any CPU
		{C49C4F1B-4C1C-45DD-AD69-44ED0A68DB5A}.Release|Any CPU.Build.0 = Release|Any CPU
		{50B301F9-0FD6-41A7-BCC0-CA8BA6197C38}.Debug|Any CPU.ActiveCfg = Debug|Any CPU
		{50B301F9-0FD6-41A7-BCC0-CA8BA6197C38}.Debug|Any CPU.Build.0 = Debug|Any CPU
		{50B301F9-0FD6-41A7-BCC0-CA8BA6197C38}.Release|Any CPU.ActiveCfg = Release|Any CPU
		{50B301F9-0FD6-41A7-BCC0-CA8BA6197C38}.Release|Any CPU.Build.0 = Release|Any CPU
		{5C51AADF-1241-4001-AADB-F104F53DC75F}.Debug|Any CPU.ActiveCfg = Debug|Any CPU
		{5C51AADF-1241-4001-AADB-F104F53DC75F}.Debug|Any CPU.Build.0 = Debug|Any CPU
		{5C51AADF-1241-4001-AADB-F104F53DC75F}.Release|Any CPU.ActiveCfg = Release|Any CPU
		{5C51AADF-1241-4001-AADB-F104F53DC75F}.Release|Any CPU.Build.0 = Release|Any CPU
		{84A051A1-9619-46DD-87BD-84EA55ADB6C8}.Debug|Any CPU.ActiveCfg = Debug|Any CPU
		{84A051A1-9619-46DD-87BD-84EA55ADB6C8}.Debug|Any CPU.Build.0 = Debug|Any CPU
		{84A051A1-9619-46DD-87BD-84EA55ADB6C8}.Release|Any CPU.ActiveCfg = Release|Any CPU
		{84A051A1-9619-46DD-87BD-84EA55ADB6C8}.Release|Any CPU.Build.0 = Release|Any CPU
		{09DAFE1E-1944-4B6B-9A36-46DF3465C4D7}.Debug|Any CPU.ActiveCfg = Debug|Any CPU
		{09DAFE1E-1944-4B6B-9A36-46DF3465C4D7}.Debug|Any CPU.Build.0 = Debug|Any CPU
		{09DAFE1E-1944-4B6B-9A36-46DF3465C4D7}.Release|Any CPU.ActiveCfg = Release|Any CPU
		{09DAFE1E-1944-4B6B-9A36-46DF3465C4D7}.Release|Any CPU.Build.0 = Release|Any CPU
		{2A83EC6E-291C-4B28-9975-B1D20C5C07C7}.Debug|Any CPU.ActiveCfg = Debug|Any CPU
		{2A83EC6E-291C-4B28-9975-B1D20C5C07C7}.Debug|Any CPU.Build.0 = Debug|Any CPU
		{2A83EC6E-291C-4B28-9975-B1D20C5C07C7}.Release|Any CPU.ActiveCfg = Release|Any CPU
		{2A83EC6E-291C-4B28-9975-B1D20C5C07C7}.Release|Any CPU.Build.0 = Release|Any CPU
	EndGlobalSection
	GlobalSection(SolutionProperties) = preSolution
		HideSolutionNode = FALSE
	EndGlobalSection
	GlobalSection(NestedProjects) = preSolution
		{1C1C6992-E427-4977-B6DF-2FC2D19099A5} = {F544B102-65BD-4C4D-9014-3F63E5E0BCF7}
		{45AEE8F8-4665-423C-A26A-FBAFD217FD13} = {9DC34142-8838-4112-9A42-FA42FBA67235}
		{EB073ED5-D246-4BA3-B546-318F2227BE51} = {9DC34142-8838-4112-9A42-FA42FBA67235}
		{6C6FDBC2-4189-4BCD-94D3-44B61B11306B} = {9DC34142-8838-4112-9A42-FA42FBA67235}
		{6CDA3263-E340-4366-B097-94AA336966C0} = {9DC34142-8838-4112-9A42-FA42FBA67235}
		{9469414F-22EE-4A3B-9E83-B4A69E3223BD} = {9DC34142-8838-4112-9A42-FA42FBA67235}
		{12ADE991-5236-4309-B973-CC373FA30F6E} = {9DC34142-8838-4112-9A42-FA42FBA67235}
		{E15C88D8-4DB7-4D0D-84BB-D8AF1ED3A251} = {9DC34142-8838-4112-9A42-FA42FBA67235}
		{F8A3AD4D-1004-4950-A48E-C09454FC61CB} = {9DC34142-8838-4112-9A42-FA42FBA67235}
		{9343EE6C-2D1D-4D96-8C98-5C37E6F3114E} = {9DC34142-8838-4112-9A42-FA42FBA67235}
		{475BC5E2-7938-4F00-B446-C824F1FAF930} = {9DC34142-8838-4112-9A42-FA42FBA67235}
		{04D495E0-AFFC-425D-9250-CF5E0FCBF201} = {F544B102-65BD-4C4D-9014-3F63E5E0BCF7}
		{745724E3-779D-4CF2-A499-1293732D327B} = {F544B102-65BD-4C4D-9014-3F63E5E0BCF7}
		{8702C8FD-14D6-4045-95AD-B43B6B5E1E0D} = {F544B102-65BD-4C4D-9014-3F63E5E0BCF7}
		{BB8C3399-DE49-4CA3-ABEB-C61CA5A9C7F4} = {F544B102-65BD-4C4D-9014-3F63E5E0BCF7}
		{20D30633-40A5-42C0-99C6-81A160B3531B} = {F544B102-65BD-4C4D-9014-3F63E5E0BCF7}
		{D9697233-EA09-4859-A6B1-3E0921773A69} = {F544B102-65BD-4C4D-9014-3F63E5E0BCF7}
		{A1FEB3DC-E82E-4B0C-ABFB-E8CBA4D4783F} = {9DC34142-8838-4112-9A42-FA42FBA67235}
		{A168FC90-33C9-4545-84DD-72E149720B79} = {F544B102-65BD-4C4D-9014-3F63E5E0BCF7}
		{50923B2E-1444-4840-891C-52F14D2324DF} = {F544B102-65BD-4C4D-9014-3F63E5E0BCF7}
		{4D3588A7-9CEC-4861-B4CA-E7A25824590C} = {F5B712FC-1E8E-4A7A-A14E-D4199C198CB2}
		{F5B712FC-1E8E-4A7A-A14E-D4199C198CB2} = {90669283-E86C-428C-8110-AB9824E6A8AD}
		{F83D98E4-323E-474A-9311-5800D7BD9BCD} = {F5B712FC-1E8E-4A7A-A14E-D4199C198CB2}
		{24D9787D-256A-4211-AD5F-62963776840C} = {90669283-E86C-428C-8110-AB9824E6A8AD}
		{B5266ABC-8A1F-49A2-9CB9-FB5A73F37C76} = {24D9787D-256A-4211-AD5F-62963776840C}
		{D47E7039-A4F2-4BE0-A611-78BF27A5A729} = {24D9787D-256A-4211-AD5F-62963776840C}
		{AB6D46D1-E529-4599-92D7-0E1F010AE73C} = {24D9787D-256A-4211-AD5F-62963776840C}
		{08D706E1-60C4-4C59-8CAC-923163A8C767} = {90669283-E86C-428C-8110-AB9824E6A8AD}
		{EC952761-71B7-4E62-BF18-F1B28451C123} = {08D706E1-60C4-4C59-8CAC-923163A8C767}
		{BE60AC4A-A118-4319-A26C-F5F3401A6DE6} = {08D706E1-60C4-4C59-8CAC-923163A8C767}
		{34E8BDB5-46F1-45AD-BD97-D7350ED412D8} = {90669283-E86C-428C-8110-AB9824E6A8AD}
		{4A47DFEE-67EC-4E88-913B-C67DEE8A8A84} = {90669283-E86C-428C-8110-AB9824E6A8AD}
		{AE06F08E-75D4-4FC5-8331-4C6260ADB342} = {37383104-D23D-47A6-853E-74BB1D853197}
		{37383104-D23D-47A6-853E-74BB1D853197} = {F544B102-65BD-4C4D-9014-3F63E5E0BCF7}
		{E5DD9C02-6E48-4CEB-96FE-2DF362415E6C} = {37383104-D23D-47A6-853E-74BB1D853197}
		{C49C4F1B-4C1C-45DD-AD69-44ED0A68DB5A} = {39F75A18-8C07-481A-93DB-EDB48AD6F901}
		{39F75A18-8C07-481A-93DB-EDB48AD6F901} = {60DB4252-C918-49DD-8C4E-D8F9AB31FB51}
		{50B301F9-0FD6-41A7-BCC0-CA8BA6197C38} = {39F75A18-8C07-481A-93DB-EDB48AD6F901}
		{B99F3F7E-F6A3-4B57-AA17-E0B0913E8E9A} = {60DB4252-C918-49DD-8C4E-D8F9AB31FB51}
		{5C51AADF-1241-4001-AADB-F104F53DC75F} = {B99F3F7E-F6A3-4B57-AA17-E0B0913E8E9A}
		{84A051A1-9619-46DD-87BD-84EA55ADB6C8} = {B99F3F7E-F6A3-4B57-AA17-E0B0913E8E9A}
		{09DAFE1E-1944-4B6B-9A36-46DF3465C4D7} = {60DB4252-C918-49DD-8C4E-D8F9AB31FB51}
	EndGlobalSection
	GlobalSection(ExtensibilityGlobals) = postSolution
		SolutionGuid = {0D623BCB-9CC2-4C39-A8AC-BA9F24F77700}
	EndGlobalSection
EndGlobal
