
Microsoft Visual Studio Solution File, Format Version 12.00
# Visual Studio Version 17
VisualStudioVersion = 17.11.35222.181
MinimumVisualStudioVersion = 10.0.40219.1
Project("{FAE04EC0-301F-11D3-BF4B-00C04F79EFBC}") = "Dag 2 - Øvelse 1", "Dag 2\Dag 2 - Øvelse 1.csproj", "{1C1C6992-E427-4977-B6DF-2FC2D19099A5}"
EndProject
Project("{FAE04EC0-301F-11D3-BF4B-00C04F79EFBC}") = "Dag 1 OLD", "Dag 1\Dag 1 OLD.csproj", "{BF5F1309-69B2-438E-94DA-3A0C97D67B32}"
EndProject
Project("{FAE04EC0-301F-11D3-BF4B-00C04F79EFBC}") = "Dag 1 - Øvelse 1", "Dag 1 - Øvelse 1\Dag 1 - Øvelse 1.csproj", "{45AEE8F8-4665-423C-A26A-FBAFD217FD13}"
EndProject
Project("{FAE04EC0-301F-11D3-BF4B-00C04F79EFBC}") = "Dag 1 - Øvelse 2", "Dag 1 - Øvelse 2\Dag 1 - Øvelse 2.csproj", "{EB073ED5-D246-4BA3-B546-318F2227BE51}"
EndProject
Project("{FAE04EC0-301F-11D3-BF4B-00C04F79EFBC}") = "Dag 1 - Øvelse 3", "Dag 1 - Øvelse 3\Dag 1 - Øvelse 3.csproj", "{6C6FDBC2-4189-4BCD-94D3-44B61B11306B}"
EndProject
Project("{FAE04EC0-301F-11D3-BF4B-00C04F79EFBC}") = "Dag 1 - Øvelse 4", "Dag 1 - Øvelse 4\Dag 1 - Øvelse 4.csproj", "{6CDA3263-E340-4366-B097-94AA336966C0}"
EndProject
Project("{2150E333-8FDC-42A3-9474-1A3956D46DE8}") = "Dag 1 - Basisprogrammering", "Dag 1 - Basisprogrammering", "{9DC34142-8838-4112-9A42-FA42FBA67235}"
EndProject
Project("{FAE04EC0-301F-11D3-BF4B-00C04F79EFBC}") = "Dag 1 - Øvelse 5", "Øvelse 5\Dag 1 - Øvelse 5.csproj", "{9469414F-22EE-4A3B-9E83-B4A69E3223BD}"
EndProject
Project("{FAE04EC0-301F-11D3-BF4B-00C04F79EFBC}") = "Dag 1 - Øvelse 6", "Øvelse 6\Dag 1 - Øvelse 6.csproj", "{12ADE991-5236-4309-B973-CC373FA30F6E}"
EndProject
Project("{2150E333-8FDC-42A3-9474-1A3956D46DE8}") = "Dag 2 - FlowControl", "Dag 2 - FlowControl", "{F544B102-65BD-4C4D-9014-3F63E5E0BCF7}"
EndProject
Project("{FAE04EC0-301F-11D3-BF4B-00C04F79EFBC}") = "Dag 1 - Øvelse 7", "Øvelse 7\Dag 1 - Øvelse 7.csproj", "{E15C88D8-4DB7-4D0D-84BB-D8AF1ED3A251}"
EndProject
Project("{FAE04EC0-301F-11D3-BF4B-00C04F79EFBC}") = "Dag 1 - Øvelse 8", "Øvelse 8\Dag 1 - Øvelse 8.csproj", "{F8A3AD4D-1004-4950-A48E-C09454FC61CB}"
EndProject
Project("{FAE04EC0-301F-11D3-BF4B-00C04F79EFBC}") = "Dag 1 - Øvelse 9", "Øvelse 9\Dag 1 - Øvelse 9.csproj", "{FC6D4ADB-981A-4AE5-8CCF-85C7B519F856}"
EndProject
Project("{FAE04EC0-301F-11D3-BF4B-00C04F79EFBC}") = "Dag 1 - Øvelse 10", "Øvelse 10\Dag 1 - Øvelse 10.csproj", "{9343EE6C-2D1D-4D96-8C98-5C37E6F3114E}"
EndProject
Project("{FAE04EC0-301F-11D3-BF4B-00C04F79EFBC}") = "Dag 1 - Øvelse 11", "Dag 1 - Øvelse 11\Dag 1 - Øvelse 11.csproj", "{475BC5E2-7938-4F00-B446-C824F1FAF930}"
EndProject
Project("{FAE04EC0-301F-11D3-BF4B-00C04F79EFBC}") = "Dag 1 - Øvelse 12", "Dag 1 - Øvelse 12\Dag 1 - Øvelse 12.csproj", "{7AD44513-D0DA-4561-A2F6-9360FB47C60E}"
EndProject
Project("{FAE04EC0-301F-11D3-BF4B-00C04F79EFBC}") = "Dag 2 - Øvelse 2", "Dag 2 - Øvelse 2\Dag 2 - Øvelse 2.csproj", "{04D495E0-AFFC-425D-9250-CF5E0FCBF201}"
EndProject
Project("{FAE04EC0-301F-11D3-BF4B-00C04F79EFBC}") = "Dag 2 - Øvelse 3", "Dag 2 - Øvelse 3\Dag 2 - Øvelse 3.csproj", "{A514C265-0AC4-4FA4-9F8E-F278537D4CEF}"
EndProject
Project("{FAE04EC0-301F-11D3-BF4B-00C04F79EFBC}") = "Dag 2 - Øvelse 4", "Dag 2 - Øvelse 4\Dag 2 - Øvelse 4.csproj", "{745724E3-779D-4CF2-A499-1293732D327B}"
EndProject
Project("{FAE04EC0-301F-11D3-BF4B-00C04F79EFBC}") = "Dag 2 - Øvelse 5", "Dag 2 - Øvelse 5\Dag 2 - Øvelse 5.csproj", "{8702C8FD-14D6-4045-95AD-B43B6B5E1E0D}"
EndProject
Project("{FAE04EC0-301F-11D3-BF4B-00C04F79EFBC}") = "Dag 2 - Øvelse 6", "Dag 2 - Øvelse 6\Dag 2 - Øvelse 6.csproj", "{BB8C3399-DE49-4CA3-ABEB-C61CA5A9C7F4}"
EndProject
Project("{FAE04EC0-301F-11D3-BF4B-00C04F79EFBC}") = "Dag 2 - Øvelse 7", "Dag 2 - Øvelse 7\Dag 2 - Øvelse 7.csproj", "{20D30633-40A5-42C0-99C6-81A160B3531B}"
EndProject
Global
	GlobalSection(SolutionConfigurationPlatforms) = preSolution
		Debug|Any CPU = Debug|Any CPU
		Release|Any CPU = Release|Any CPU
	EndGlobalSection
	GlobalSection(ProjectConfigurationPlatforms) = postSolution
		{1C1C6992-E427-4977-B6DF-2FC2D19099A5}.Debug|Any CPU.ActiveCfg = Debug|Any CPU
		{1C1C6992-E427-4977-B6DF-2FC2D19099A5}.Debug|Any CPU.Build.0 = Debug|Any CPU
		{1C1C6992-E427-4977-B6DF-2FC2D19099A5}.Release|Any CPU.ActiveCfg = Release|Any CPU
		{1C1C6992-E427-4977-B6DF-2FC2D19099A5}.Release|Any CPU.Build.0 = Release|Any CPU
		{BF5F1309-69B2-438E-94DA-3A0C97D67B32}.Debug|Any CPU.ActiveCfg = Debug|Any CPU
		{BF5F1309-69B2-438E-94DA-3A0C97D67B32}.Debug|Any CPU.Build.0 = Debug|Any CPU
		{BF5F1309-69B2-438E-94DA-3A0C97D67B32}.Release|Any CPU.ActiveCfg = Release|Any CPU
		{BF5F1309-69B2-438E-94DA-3A0C97D67B32}.Release|Any CPU.Build.0 = Release|Any CPU
		{45AEE8F8-4665-423C-A26A-FBAFD217FD13}.Debug|Any CPU.ActiveCfg = Debug|Any CPU
		{45AEE8F8-4665-423C-A26A-FBAFD217FD13}.Debug|Any CPU.Build.0 = Debug|Any CPU
		{45AEE8F8-4665-423C-A26A-FBAFD217FD13}.Release|Any CPU.ActiveCfg = Release|Any CPU
		{45AEE8F8-4665-423C-A26A-FBAFD217FD13}.Release|Any CPU.Build.0 = Release|Any CPU
		{EB073ED5-D246-4BA3-B546-318F2227BE51}.Debug|Any CPU.ActiveCfg = Debug|Any CPU
		{EB073ED5-D246-4BA3-B546-318F2227BE51}.Debug|Any CPU.Build.0 = Debug|Any CPU
		{EB073ED5-D246-4BA3-B546-318F2227BE51}.Release|Any CPU.ActiveCfg = Release|Any CPU
		{EB073ED5-D246-4BA3-B546-318F2227BE51}.Release|Any CPU.Build.0 = Release|Any CPU
		{6C6FDBC2-4189-4BCD-94D3-44B61B11306B}.Debug|Any CPU.ActiveCfg = Debug|Any CPU
		{6C6FDBC2-4189-4BCD-94D3-44B61B11306B}.Debug|Any CPU.Build.0 = Debug|Any CPU
		{6C6FDBC2-4189-4BCD-94D3-44B61B11306B}.Release|Any CPU.ActiveCfg = Release|Any CPU
		{6C6FDBC2-4189-4BCD-94D3-44B61B11306B}.Release|Any CPU.Build.0 = Release|Any CPU
		{6CDA3263-E340-4366-B097-94AA336966C0}.Debug|Any CPU.ActiveCfg = Debug|Any CPU
		{6CDA3263-E340-4366-B097-94AA336966C0}.Debug|Any CPU.Build.0 = Debug|Any CPU
		{6CDA3263-E340-4366-B097-94AA336966C0}.Release|Any CPU.ActiveCfg = Release|Any CPU
		{6CDA3263-E340-4366-B097-94AA336966C0}.Release|Any CPU.Build.0 = Release|Any CPU
		{9469414F-22EE-4A3B-9E83-B4A69E3223BD}.Debug|Any CPU.ActiveCfg = Debug|Any CPU
		{9469414F-22EE-4A3B-9E83-B4A69E3223BD}.Debug|Any CPU.Build.0 = Debug|Any CPU
		{9469414F-22EE-4A3B-9E83-B4A69E3223BD}.Release|Any CPU.ActiveCfg = Release|Any CPU
		{9469414F-22EE-4A3B-9E83-B4A69E3223BD}.Release|Any CPU.Build.0 = Release|Any CPU
		{12ADE991-5236-4309-B973-CC373FA30F6E}.Debug|Any CPU.ActiveCfg = Debug|Any CPU
		{12ADE991-5236-4309-B973-CC373FA30F6E}.Debug|Any CPU.Build.0 = Debug|Any CPU
		{12ADE991-5236-4309-B973-CC373FA30F6E}.Release|Any CPU.ActiveCfg = Release|Any CPU
		{12ADE991-5236-4309-B973-CC373FA30F6E}.Release|Any CPU.Build.0 = Release|Any CPU
		{E15C88D8-4DB7-4D0D-84BB-D8AF1ED3A251}.Debug|Any CPU.ActiveCfg = Debug|Any CPU
		{E15C88D8-4DB7-4D0D-84BB-D8AF1ED3A251}.Debug|Any CPU.Build.0 = Debug|Any CPU
		{E15C88D8-4DB7-4D0D-84BB-D8AF1ED3A251}.Release|Any CPU.ActiveCfg = Release|Any CPU
		{E15C88D8-4DB7-4D0D-84BB-D8AF1ED3A251}.Release|Any CPU.Build.0 = Release|Any CPU
		{F8A3AD4D-1004-4950-A48E-C09454FC61CB}.Debug|Any CPU.ActiveCfg = Debug|Any CPU
		{F8A3AD4D-1004-4950-A48E-C09454FC61CB}.Debug|Any CPU.Build.0 = Debug|Any CPU
		{F8A3AD4D-1004-4950-A48E-C09454FC61CB}.Release|Any CPU.ActiveCfg = Release|Any CPU
		{F8A3AD4D-1004-4950-A48E-C09454FC61CB}.Release|Any CPU.Build.0 = Release|Any CPU
		{FC6D4ADB-981A-4AE5-8CCF-85C7B519F856}.Debug|Any CPU.ActiveCfg = Debug|Any CPU
		{FC6D4ADB-981A-4AE5-8CCF-85C7B519F856}.Debug|Any CPU.Build.0 = Debug|Any CPU
		{FC6D4ADB-981A-4AE5-8CCF-85C7B519F856}.Release|Any CPU.ActiveCfg = Release|Any CPU
		{FC6D4ADB-981A-4AE5-8CCF-85C7B519F856}.Release|Any CPU.Build.0 = Release|Any CPU
		{9343EE6C-2D1D-4D96-8C98-5C37E6F3114E}.Debug|Any CPU.ActiveCfg = Debug|Any CPU
		{9343EE6C-2D1D-4D96-8C98-5C37E6F3114E}.Debug|Any CPU.Build.0 = Debug|Any CPU
		{9343EE6C-2D1D-4D96-8C98-5C37E6F3114E}.Release|Any CPU.ActiveCfg = Release|Any CPU
		{9343EE6C-2D1D-4D96-8C98-5C37E6F3114E}.Release|Any CPU.Build.0 = Release|Any CPU
		{475BC5E2-7938-4F00-B446-C824F1FAF930}.Debug|Any CPU.ActiveCfg = Debug|Any CPU
		{475BC5E2-7938-4F00-B446-C824F1FAF930}.Debug|Any CPU.Build.0 = Debug|Any CPU
		{475BC5E2-7938-4F00-B446-C824F1FAF930}.Release|Any CPU.ActiveCfg = Release|Any CPU
		{475BC5E2-7938-4F00-B446-C824F1FAF930}.Release|Any CPU.Build.0 = Release|Any CPU
		{7AD44513-D0DA-4561-A2F6-9360FB47C60E}.Debug|Any CPU.ActiveCfg = Debug|Any CPU
		{7AD44513-D0DA-4561-A2F6-9360FB47C60E}.Debug|Any CPU.Build.0 = Debug|Any CPU
		{7AD44513-D0DA-4561-A2F6-9360FB47C60E}.Release|Any CPU.ActiveCfg = Release|Any CPU
		{7AD44513-D0DA-4561-A2F6-9360FB47C60E}.Release|Any CPU.Build.0 = Release|Any CPU
		{04D495E0-AFFC-425D-9250-CF5E0FCBF201}.Debug|Any CPU.ActiveCfg = Debug|Any CPU
		{04D495E0-AFFC-425D-9250-CF5E0FCBF201}.Debug|Any CPU.Build.0 = Debug|Any CPU
		{04D495E0-AFFC-425D-9250-CF5E0FCBF201}.Release|Any CPU.ActiveCfg = Release|Any CPU
		{04D495E0-AFFC-425D-9250-CF5E0FCBF201}.Release|Any CPU.Build.0 = Release|Any CPU
		{A514C265-0AC4-4FA4-9F8E-F278537D4CEF}.Debug|Any CPU.ActiveCfg = Debug|Any CPU
		{A514C265-0AC4-4FA4-9F8E-F278537D4CEF}.Debug|Any CPU.Build.0 = Debug|Any CPU
		{A514C265-0AC4-4FA4-9F8E-F278537D4CEF}.Release|Any CPU.ActiveCfg = Release|Any CPU
		{A514C265-0AC4-4FA4-9F8E-F278537D4CEF}.Release|Any CPU.Build.0 = Release|Any CPU
		{745724E3-779D-4CF2-A499-1293732D327B}.Debug|Any CPU.ActiveCfg = Debug|Any CPU
		{745724E3-779D-4CF2-A499-1293732D327B}.Debug|Any CPU.Build.0 = Debug|Any CPU
		{745724E3-779D-4CF2-A499-1293732D327B}.Release|Any CPU.ActiveCfg = Release|Any CPU
		{745724E3-779D-4CF2-A499-1293732D327B}.Release|Any CPU.Build.0 = Release|Any CPU
		{8702C8FD-14D6-4045-95AD-B43B6B5E1E0D}.Debug|Any CPU.ActiveCfg = Debug|Any CPU
		{8702C8FD-14D6-4045-95AD-B43B6B5E1E0D}.Debug|Any CPU.Build.0 = Debug|Any CPU
		{8702C8FD-14D6-4045-95AD-B43B6B5E1E0D}.Release|Any CPU.ActiveCfg = Release|Any CPU
		{8702C8FD-14D6-4045-95AD-B43B6B5E1E0D}.Release|Any CPU.Build.0 = Release|Any CPU
		{BB8C3399-DE49-4CA3-ABEB-C61CA5A9C7F4}.Debug|Any CPU.ActiveCfg = Debug|Any CPU
		{BB8C3399-DE49-4CA3-ABEB-C61CA5A9C7F4}.Debug|Any CPU.Build.0 = Debug|Any CPU
		{BB8C3399-DE49-4CA3-ABEB-C61CA5A9C7F4}.Release|Any CPU.ActiveCfg = Release|Any CPU
		{BB8C3399-DE49-4CA3-ABEB-C61CA5A9C7F4}.Release|Any CPU.Build.0 = Release|Any CPU
		{20D30633-40A5-42C0-99C6-81A160B3531B}.Debug|Any CPU.ActiveCfg = Debug|Any CPU
		{20D30633-40A5-42C0-99C6-81A160B3531B}.Debug|Any CPU.Build.0 = Debug|Any CPU
		{20D30633-40A5-42C0-99C6-81A160B3531B}.Release|Any CPU.ActiveCfg = Release|Any CPU
		{20D30633-40A5-42C0-99C6-81A160B3531B}.Release|Any CPU.Build.0 = Release|Any CPU
	EndGlobalSection
	GlobalSection(SolutionProperties) = preSolution
		HideSolutionNode = FALSE
	EndGlobalSection
	GlobalSection(NestedProjects) = preSolution
		{1C1C6992-E427-4977-B6DF-2FC2D19099A5} = {F544B102-65BD-4C4D-9014-3F63E5E0BCF7}
		{BF5F1309-69B2-438E-94DA-3A0C97D67B32} = {9DC34142-8838-4112-9A42-FA42FBA67235}
		{45AEE8F8-4665-423C-A26A-FBAFD217FD13} = {9DC34142-8838-4112-9A42-FA42FBA67235}
		{EB073ED5-D246-4BA3-B546-318F2227BE51} = {9DC34142-8838-4112-9A42-FA42FBA67235}
		{6C6FDBC2-4189-4BCD-94D3-44B61B11306B} = {9DC34142-8838-4112-9A42-FA42FBA67235}
		{6CDA3263-E340-4366-B097-94AA336966C0} = {9DC34142-8838-4112-9A42-FA42FBA67235}
		{9469414F-22EE-4A3B-9E83-B4A69E3223BD} = {9DC34142-8838-4112-9A42-FA42FBA67235}
		{12ADE991-5236-4309-B973-CC373FA30F6E} = {9DC34142-8838-4112-9A42-FA42FBA67235}
		{E15C88D8-4DB7-4D0D-84BB-D8AF1ED3A251} = {9DC34142-8838-4112-9A42-FA42FBA67235}
		{F8A3AD4D-1004-4950-A48E-C09454FC61CB} = {9DC34142-8838-4112-9A42-FA42FBA67235}
		{FC6D4ADB-981A-4AE5-8CCF-85C7B519F856} = {9DC34142-8838-4112-9A42-FA42FBA67235}
		{9343EE6C-2D1D-4D96-8C98-5C37E6F3114E} = {9DC34142-8838-4112-9A42-FA42FBA67235}
		{475BC5E2-7938-4F00-B446-C824F1FAF930} = {9DC34142-8838-4112-9A42-FA42FBA67235}
		{7AD44513-D0DA-4561-A2F6-9360FB47C60E} = {9DC34142-8838-4112-9A42-FA42FBA67235}
		{04D495E0-AFFC-425D-9250-CF5E0FCBF201} = {F544B102-65BD-4C4D-9014-3F63E5E0BCF7}
		{A514C265-0AC4-4FA4-9F8E-F278537D4CEF} = {F544B102-65BD-4C4D-9014-3F63E5E0BCF7}
		{745724E3-779D-4CF2-A499-1293732D327B} = {F544B102-65BD-4C4D-9014-3F63E5E0BCF7}
		{8702C8FD-14D6-4045-95AD-B43B6B5E1E0D} = {F544B102-65BD-4C4D-9014-3F63E5E0BCF7}
		{BB8C3399-DE49-4CA3-ABEB-C61CA5A9C7F4} = {F544B102-65BD-4C4D-9014-3F63E5E0BCF7}
		{20D30633-40A5-42C0-99C6-81A160B3531B} = {F544B102-65BD-4C4D-9014-3F63E5E0BCF7}
	EndGlobalSection
	GlobalSection(ExtensibilityGlobals) = postSolution
		SolutionGuid = {0D623BCB-9CC2-4C39-A8AC-BA9F24F77700}
	EndGlobalSection
EndGlobal
